{
  "requires": true,
  "lockfileVersion": 1,
  "dependencies": {
    "gsap": {
      "version": "1.20.3",
      "resolved": "https://registry.npmjs.org/gsap/-/gsap-1.20.3.tgz",
      "integrity": "sha512-WICK7628LOKYIzcDzN0fGH44uF9TGzUhZkltlnsOivwnb65ApgFXN0hnsEXHQerl+TVGhv7h9glyTW5LWlEypQ=="
    }
  }
}
